// !$*UTF8*$!
{
	archiveVersion = 1;
	classes = {
	};
	objectVersion = 77;
	objects = {

/* Begin PBXBuildFile section */
		106E6F5C7DE5EFA2FE7A886E /* Preview Assets.xcassets in Resources */ = {isa = PBXBuildFile; fileRef = C7D51609A8461B35B8430FD7 /* Preview Assets.xcassets */; };
		15E1CA8503DA62A1382D6318 /* TreatNode.swift in Sources */ = {isa = PBXBuildFile; fileRef = FF839F1A0D0B6C4830855A30 /* TreatNode.swift */; };
		1BD965A00A5796D2672DF27B /* FluffButsApp.swift in Sources */ = {isa = PBXBuildFile; fileRef = 21707053A44D131D10E71EE8 /* FluffButsApp.swift */; };
		656366CD5F92AC97DBF1781E /* GameView.swift in Sources */ = {isa = PBXBuildFile; fileRef = 2364C7CE5F995CF918DD0509 /* GameView.swift */; };
		88821E5FB05F1101C34E274E /* ContentView.swift in Sources */ = {isa = PBXBuildFile; fileRef = BC3ED898D8BE8905DD5BFEED /* ContentView.swift */; };
		8BD4A7EAC19CD5EE6F38FC97 /* GameScene.swift in Sources */ = {isa = PBXBuildFile; fileRef = 39DCA79A833EC0E8070CC06E /* GameScene.swift */; };
		930AC58D73B7D28CCA1C5D80 /* Assets.xcassets in Resources */ = {isa = PBXBuildFile; fileRef = 8C7F5C13265DCA54AC76CA26 /* Assets.xcassets */; };
		9CFB8674F47BCAB5ECF957B4 /* SpriteKit.framework in Frameworks */ = {isa = PBXBuildFile; fileRef = 5B810E3943FCA1F832A6F237 /* SpriteKit.framework */; };
		D402F81D6EC86EA9C878D26E /* DogNode.swift in Sources */ = {isa = PBXBuildFile; fileRef = 2B2B5F95836C44AFCA19ED98 /* DogNode.swift */; };
/* End PBXBuildFile section */

/* Begin PBXFileReference section */
		0F821A57952C20B534A05B9D /* FluffButs.app */ = {isa = PBXFileReference; includeInIndex = 0; lastKnownFileType = wrapper.application; path = FluffButs.app; sourceTree = BUILT_PRODUCTS_DIR; };
		21707053A44D131D10E71EE8 /* FluffButsApp.swift */ = {isa = PBXFileReference; lastKnownFileType = sourcecode.swift; path = FluffButsApp.swift; sourceTree = "<group>"; };
		2364C7CE5F995CF918DD0509 /* GameView.swift */ = {isa = PBXFileReference; lastKnownFileType = sourcecode.swift; path = GameView.swift; sourceTree = "<group>"; };
		2B2B5F95836C44AFCA19ED98 /* DogNode.swift */ = {isa = PBXFileReference; lastKnownFileType = sourcecode.swift; path = DogNode.swift; sourceTree = "<group>"; };
		39DCA79A833EC0E8070CC06E /* GameScene.swift */ = {isa = PBXFileReference; lastKnownFileType = sourcecode.swift; path = GameScene.swift; sourceTree = "<group>"; };
		5B810E3943FCA1F832A6F237 /* SpriteKit.framework */ = {isa = PBXFileReference; lastKnownFileType = wrapper.framework; name = SpriteKit.framework; path = System/Library/Frameworks/SpriteKit.framework; sourceTree = SDKROOT; };
		786C4AC60C66C851C4201831 /* Info.plist */ = {isa = PBXFileReference; lastKnownFileType = text.plist; path = Info.plist; sourceTree = "<group>"; };
		8C7F5C13265DCA54AC76CA26 /* Assets.xcassets */ = {isa = PBXFileReference; lastKnownFileType = folder.assetcatalog; path = Assets.xcassets; sourceTree = "<group>"; };
		BC3ED898D8BE8905DD5BFEED /* ContentView.swift */ = {isa = PBXFileReference; lastKnownFileType = sourcecode.swift; path = ContentView.swift; sourceTree = "<group>"; };
		C7D51609A8461B35B8430FD7 /* Preview Assets.xcassets */ = {isa = PBXFileReference; lastKnownFileType = folder.assetcatalog; path = "Preview Assets.xcassets"; sourceTree = "<group>"; };
		FF839F1A0D0B6C4830855A30 /* TreatNode.swift */ = {isa = PBXFileReference; lastKnownFileType = sourcecode.swift; path = TreatNode.swift; sourceTree = "<group>"; };
/* End PBXFileReference section */

/* Begin PBXFrameworksBuildPhase section */
		273A5B63DD2E29BEFD9BDE1E /* Frameworks */ = {
			isa = PBXFrameworksBuildPhase;
			buildActionMask = 2147483647;
			files = (
				9CFB8674F47BCAB5ECF957B4 /* SpriteKit.framework in Frameworks */,
			);
			runOnlyForDeploymentPostprocessing = 0;
		};
/* End PBXFrameworksBuildPhase section */

/* Begin PBXGroup section */
		2C88FC434506649D0C5F3F51 /* Preview Content */ = {
			isa = PBXGroup;
			children = (
				C7D51609A8461B35B8430FD7 /* Preview Assets.xcassets */,
			);
			path = "Preview Content";
			sourceTree = "<group>";
		};
		5BB4409D04F6178513E7F94A = {
			isa = PBXGroup;
			children = (
				652C814017F353F3209EDFA2 /* FluffButs */,
				FA3F7C4D99A6A870AFE2819E /* Frameworks */,
				A30C59F508C6ACB69DA3032D /* Products */,
			);
			sourceTree = "<group>";
		};
		652C814017F353F3209EDFA2 /* FluffButs */ = {
			isa = PBXGroup;
			children = (
				8C7F5C13265DCA54AC76CA26 /* Assets.xcassets */,
				BC3ED898D8BE8905DD5BFEED /* ContentView.swift */,
				21707053A44D131D10E71EE8 /* FluffButsApp.swift */,
				786C4AC60C66C851C4201831 /* Info.plist */,
				660C24EDB1AC5477A0820C9A /* Game */,
				2C88FC434506649D0C5F3F51 /* Preview Content */,
			);
			path = FluffButs;
			sourceTree = "<group>";
		};
		660C24EDB1AC5477A0820C9A /* Game */ = {
			isa = PBXGroup;
			children = (
				2B2B5F95836C44AFCA19ED98 /* DogNode.swift */,
				39DCA79A833EC0E8070CC06E /* GameScene.swift */,
				2364C7CE5F995CF918DD0509 /* GameView.swift */,
				FF839F1A0D0B6C4830855A30 /* TreatNode.swift */,
			);
			path = Game;
			sourceTree = "<group>";
		};
		A30C59F508C6ACB69DA3032D /* Products */ = {
			isa = PBXGroup;
			children = (
				0F821A57952C20B534A05B9D /* FluffButs.app */,
			);
			name = Products;
			sourceTree = "<group>";
		};
		FA3F7C4D99A6A870AFE2819E /* Frameworks */ = {
			isa = PBXGroup;
			children = (
				5B810E3943FCA1F832A6F237 /* SpriteKit.framework */,
			);
			name = Frameworks;
			sourceTree = "<group>";
		};
/* End PBXGroup section */

/* Begin PBXNativeTarget section */
		20A2B90A5E5585B17612F138 /* FluffButs */ = {
			isa = PBXNativeTarget;
			buildConfigurationList = C845CC6D0B65672A77D21286 /* Build configuration list for PBXNativeTarget "FluffButs" */;
			buildPhases = (
				58311AB5DD0E46CA3F6A0C60 /* Sources */,
				BBEF68427D4C433E0F157E18 /* Resources */,
				273A5B63DD2E29BEFD9BDE1E /* Frameworks */,
			);
			buildRules = (
			);
			dependencies = (
			);
			name = FluffButs;
			packageProductDependencies = (
			);
			productName = FluffButs;
			productReference = 0F821A57952C20B534A05B9D /* FluffButs.app */;
			productType = "com.apple.product-type.application";
		};
/* End PBXNativeTarget section */

/* Begin PBXProject section */
		BD85C1B255EF19F622D56492 /* Project object */ = {
			isa = PBXProject;
			attributes = {
				BuildIndependentTargetsInParallel = YES;
				LastUpgradeCheck = 1600;
				TargetAttributes = {
				};
			};
			buildConfigurationList = 7B4517AB325BDD127E7D9EB0 /* Build configuration list for PBXProject "FluffButs" */;
			developmentRegion = en;
			hasScannedForEncodings = 0;
			knownRegions = (
				Base,
				en,
			);
			mainGroup = 5BB4409D04F6178513E7F94A;
			minimizedProjectReferenceProxies = 1;
			preferredProjectObjectVersion = 77;
			productRefGroup = A30C59F508C6ACB69DA3032D /* Products */;
			projectDirPath = "";
			projectRoot = "";
			targets = (
				20A2B90A5E5585B17612F138 /* FluffButs */,
			);
		};
/* End PBXProject section */

/* Begin PBXResourcesBuildPhase section */
		BBEF68427D4C433E0F157E18 /* Resources */ = {
			isa = PBXResourcesBuildPhase;
			buildActionMask = 2147483647;
			files = (
				930AC58D73B7D28CCA1C5D80 /* Assets.xcassets in Resources */,
				106E6F5C7DE5EFA2FE7A886E /* Preview Assets.xcassets in Resources */,
			);
			runOnlyForDeploymentPostprocessing = 0;
		};
/* End PBXResourcesBuildPhase section */

/* Begin PBXSourcesBuildPhase section */
		58311AB5DD0E46CA3F6A0C60 /* Sources */ = {
			isa = PBXSourcesBuildPhase;
			buildActionMask = 2147483647;
			files = (
				88821E5FB05F1101C34E274E /* ContentView.swift in Sources */,
				D402F81D6EC86EA9C878D26E /* DogNode.swift in Sources */,
				1BD965A00A5796D2672DF27B /* FluffButsApp.swift in Sources */,
				8BD4A7EAC19CD5EE6F38FC97 /* GameScene.swift in Sources */,
				656366CD5F92AC97DBF1781E /* GameView.swift in Sources */,
				15E1CA8503DA62A1382D6318 /* TreatNode.swift in Sources */,
			);
			runOnlyForDeploymentPostprocessing = 0;
		};
/* End PBXSourcesBuildPhase section */

/* Begin XCBuildConfiguration section */
		18EDB37DA2417A691E165CB6 /* Debug */ = {
			isa = XCBuildConfiguration;
			buildSettings = {
				ALWAYS_SEARCH_USER_PATHS = NO;
				CLANG_ANALYZER_NONNULL = YES;
				CLANG_ANALYZER_NUMBER_OBJECT_CONVERSION = YES_AGGRESSIVE;
				CLANG_CXX_LANGUAGE_STANDARD = "gnu++14";
				CLANG_CXX_LIBRARY = "libc++";
				CLANG_ENABLE_MODULES = YES;
				CLANG_ENABLE_OBJC_ARC = YES;
				CLANG_ENABLE_OBJC_WEAK = YES;
				CLANG_WARN_BLOCK_CAPTURE_AUTORELEASING = YES;
				CLANG_WARN_BOOL_CONVERSION = YES;
				CLANG_WARN_COMMA = YES;
				CLANG_WARN_CONSTANT_CONVERSION = YES;
				CLANG_WARN_DEPRECATED_OBJC_IMPLEMENTATIONS = YES;
				CLANG_WARN_DIRECT_OBJC_ISA_USAGE = YES_ERROR;
				CLANG_WARN_DOCUMENTATION_COMMENTS = YES;
				CLANG_WARN_EMPTY_BODY = YES;
				CLANG_WARN_ENUM_CONVERSION = YES;
				CLANG_WARN_INFINITE_RECURSION = YES;
				CLANG_WARN_INT_CONVERSION = YES;
				CLANG_WARN_NON_LITERAL_NULL_CONVERSION = YES;
				CLANG_WARN_OBJC_IMPLICIT_RETAIN_SELF = YES;
				CLANG_WARN_OBJC_LITERAL_CONVERSION = YES;
				CLANG_WARN_OBJC_ROOT_CLASS = YES_ERROR;
				CLANG_WARN_QUOTED_INCLUDE_IN_FRAMEWORK_HEADER = YES;
				CLANG_WARN_RANGE_LOOP_ANALYSIS = YES;
				CLANG_WARN_STRICT_PROTOTYPES = YES;
				CLANG_WARN_SUSPICIOUS_MOVE = YES;
				CLANG_WARN_UNGUARDED_AVAILABILITY = YES_AGGRESSIVE;
				CLANG_WARN_UNREACHABLE_CODE = YES;
				CLANG_WARN__DUPLICATE_METHOD_MATCH = YES;
				COPY_PHASE_STRIP = NO;
				CURRENT_PROJECT_VERSION = 1;
				DEBUG_INFORMATION_FORMAT = dwarf;
				ENABLE_STRICT_OBJC_MSGSEND = YES;
				ENABLE_TESTABILITY = YES;
				GCC_C_LANGUAGE_STANDARD = gnu11;
				GCC_DYNAMIC_NO_PIC = NO;
				GCC_NO_COMMON_BLOCKS = YES;
				GCC_OPTIMIZATION_LEVEL = 0;
				GCC_PREPROCESSOR_DEFINITIONS = (
					"$(inherited)",
					"DEBUG=1",
				);
				GCC_WARN_64_TO_32_BIT_CONVERSION = YES;
				GCC_WARN_ABOUT_RETURN_TYPE = YES_ERROR;
				GCC_WARN_UNDECLARED_SELECTOR = YES;
				GCC_WARN_UNINITIALIZED_AUTOS = YES_AGGRESSIVE;
				GCC_WARN_UNUSED_FUNCTION = YES;
				GCC_WARN_UNUSED_VARIABLE = YES;
				IPHONEOS_DEPLOYMENT_TARGET = 17.0;
				MARKETING_VERSION = 1.0;
				MTL_ENABLE_DEBUG_INFO = INCLUDE_SOURCE;
				MTL_FAST_MATH = YES;
				ONLY_ACTIVE_ARCH = YES;
				PRODUCT_NAME = "$(TARGET_NAME)";
				SDKROOT = iphoneos;
				SWIFT_ACTIVE_COMPILATION_CONDITIONS = DEBUG;
				SWIFT_OPTIMIZATION_LEVEL = "-Onone";
				SWIFT_VERSION = 6.0;
			};
			name = Debug;
		};
		95747CFEAF6B41ADD15DE652 /* Debug */ = {
			isa = XCBuildConfiguration;
			buildSettings = {
				ASSETCATALOG_COMPILER_APPICON_NAME = AppIcon;
				CODE_SIGN_IDENTITY = "iPhone Developer";
				DEVELOPMENT_ASSET_PATHS = "FluffButs/Preview\\ Content";
				INFOPLIST_FILE = FluffButs/Info.plist;
				LD_RUNPATH_SEARCH_PATHS = (
					"$(inherited)",
					"@executable_path/Frameworks",
				);
				PRODUCT_BUNDLE_IDENTIFIER = com.fluffbuts.app;
				SDKROOT = iphoneos;
				TARGETED_DEVICE_FAMILY = "1,2";
			};
			name = Debug;
		};
		C560CC0C168AF59451B803DB /* Release */ = {
			isa = XCBuildConfiguration;
			buildSettings = {
				ASSETCATALOG_COMPILER_APPICON_NAME = AppIcon;
				CODE_SIGN_IDENTITY = "iPhone Developer";
				DEVELOPMENT_ASSET_PATHS = "FluffButs/Preview\\ Content";
				INFOPLIST_FILE = FluffButs/Info.plist;
				LD_RUNPATH_SEARCH_PATHS = (
					"$(inherited)",
					"@executable_path/Frameworks",
				);
				PRODUCT_BUNDLE_IDENTIFIER = com.fluffbuts.app;
				SDKROOT = iphoneos;
				TARGETED_DEVICE_FAMILY = "1,2";
			};
			name = Release;
		};
		C62D4783261F479B25161859 /* Release */ = {
			isa = XCBuildConfiguration;
			buildSettings = {
				ALWAYS_SEARCH_USER_PATHS = NO;
				CLANG_ANALYZER_NONNULL = YES;
				CLANG_ANALYZER_NUMBER_OBJECT_CONVERSION = YES_AGGRESSIVE;
				CLANG_CXX_LANGUAGE_STANDARD = "gnu++14";
				CLANG_CXX_LIBRARY = "libc++";
				CLANG_ENABLE_MODULES = YES;
				CLANG_ENABLE_OBJC_ARC = YES;
				CLANG_ENABLE_OBJC_WEAK = YES;
				CLANG_WARN_BLOCK_CAPTURE_AUTORELEASING = YES;
				CLANG_WARN_BOOL_CONVERSION = YES;
				CLANG_WARN_COMMA = YES;
				CLANG_WARN_CONSTANT_CONVERSION = YES;
				CLANG_WARN_DEPRECATED_OBJC_IMPLEMENTATIONS = YES;
				CLANG_WARN_DIRECT_OBJC_ISA_USAGE = YES_ERROR;
				CLANG_WARN_DOCUMENTATION_COMMENTS = YES;
				CLANG_WARN_EMPTY_BODY = YES;
				CLANG_WARN_ENUM_CONVERSION = YES;
				CLANG_WARN_INFINITE_RECURSION = YES;
				CLANG_WARN_INT_CONVERSION = YES;
				CLANG_WARN_NON_LITERAL_NULL_CONVERSION = YES;
				CLANG_WARN_OBJC_IMPLICIT_RETAIN_SELF = YES;
				CLANG_WARN_OBJC_LITERAL_CONVERSION = YES;
				CLANG_WARN_OBJC_ROOT_CLASS = YES_ERROR;
				CLANG_WARN_QUOTED_INCLUDE_IN_FRAMEWORK_HEADER = YES;
				CLANG_WARN_RANGE_LOOP_ANALYSIS = YES;
				CLANG_WARN_STRICT_PROTOTYPES = YES;
				CLANG_WARN_SUSPICIOUS_MOVE = YES;
				CLANG_WARN_UNGUARDED_AVAILABILITY = YES_AGGRESSIVE;
				CLANG_WARN_UNREACHABLE_CODE = YES;
				CLANG_WARN__DUPLICATE_METHOD_MATCH = YES;
				COPY_PHASE_STRIP = NO;
				CURRENT_PROJECT_VERSION = 1;
				DEBUG_INFORMATION_FORMAT = "dwarf-with-dsym";
				ENABLE_NS_ASSERTIONS = NO;
				ENABLE_STRICT_OBJC_MSGSEND = YES;
				GCC_C_LANGUAGE_STANDARD = gnu11;
				GCC_NO_COMMON_BLOCKS = YES;
				GCC_WARN_64_TO_32_BIT_CONVERSION = YES;
				GCC_WARN_ABOUT_RETURN_TYPE = YES_ERROR;
				GCC_WARN_UNDECLARED_SELECTOR = YES;
				GCC_WARN_UNINITIALIZED_AUTOS = YES_AGGRESSIVE;
				GCC_WARN_UNUSED_FUNCTION = YES;
				GCC_WARN_UNUSED_VARIABLE = YES;
				IPHONEOS_DEPLOYMENT_TARGET = 17.0;
				MARKETING_VERSION = 1.0;
				MTL_ENABLE_DEBUG_INFO = NO;
				MTL_FAST_MATH = YES;
				PRODUCT_NAME = "$(TARGET_NAME)";
				SDKROOT = iphoneos;
				SWIFT_COMPILATION_MODE = wholemodule;
				SWIFT_OPTIMIZATION_LEVEL = "-O";
				SWIFT_VERSION = 6.0;
			};
			name = Release;
		};
/* End XCBuildConfiguration section */

/* Begin XCConfigurationList section */
		7B4517AB325BDD127E7D9EB0 /* Build configuration list for PBXProject "FluffButs" */ = {
			isa = XCConfigurationList;
			buildConfigurations = (
				18EDB37DA2417A691E165CB6 /* Debug */,
				C62D4783261F479B25161859 /* Release */,
			);
			defaultConfigurationIsVisible = 0;
			defaultConfigurationName = Debug;
		};
		C845CC6D0B65672A77D21286 /* Build configuration list for PBXNativeTarget "FluffButs" */ = {
			isa = XCConfigurationList;
			buildConfigurations = (
				95747CFEAF6B41ADD15DE652 /* Debug */,
				C560CC0C168AF59451B803DB /* Release */,
			);
			defaultConfigurationIsVisible = 0;
			defaultConfigurationName = Debug;
		};
/* End XCConfigurationList section */
	};
	rootObject = BD85C1B255EF19F622D56492 /* Project object */;
}
